
Microsoft Visual Studio Solution File, Format Version 12.00
# Visual Studio 2015
Project("{FAE04EC0-301F-11D3-BF4B-00C04F79EFBC}") = "paper_animation", "paper_animation.csproj", "{CF42FD5A-F251-D954-944C-19B82E601282}"
EndProject
Global
	GlobalSection(SolutionConfigurationPlatforms) = preSolution
		Debug|Any CPU = Debug|Any CPU
		Release|Any CPU = Release|Any CPU
	EndGlobalSection
	GlobalSection(ProjectConfigurationPlatforms) = postSolution
		{CF42FD5A-F251-D954-944C-19B82E601282}.Debug|Any CPU.ActiveCfg = Debug|Any CPU
		{CF42FD5A-F251-D954-944C-19B82E601282}.Debug|Any CPU.Build.0 = Debug|Any CPU
		{CF42FD5A-F251-D954-944C-19B82E601282}.Release|Any CPU.ActiveCfg = Release|Any CPU
		{CF42FD5A-F251-D954-944C-19B82E601282}.Release|Any CPU.Build.0 = Release|Any CPU
	EndGlobalSection
	GlobalSection(SolutionProperties) = preSolution
		HideSolutionNode = FALSE
	EndGlobalSection
EndGlobal
