
Microsoft Visual Studio Solution File, Format Version 12.00
# Visual Studio 2015
Project("{FAE04EC0-301F-11D3-BF4B-00C04F79EFBC}") = "Bagman", "Bagman.csproj", "{539FBFB1-02FC-B78D-F382-6C08A6D4F4DB}"
EndProject
Global
	GlobalSection(SolutionConfigurationPlatforms) = preSolution
		Debug|Any CPU = Debug|Any CPU
		Release|Any CPU = Release|Any CPU
	EndGlobalSection
	GlobalSection(ProjectConfigurationPlatforms) = postSolution
		{539FBFB1-02FC-B78D-F382-6C08A6D4F4DB}.Debug|Any CPU.ActiveCfg = Debug|Any CPU
		{539FBFB1-02FC-B78D-F382-6C08A6D4F4DB}.Debug|Any CPU.Build.0 = Debug|Any CPU
		{539FBFB1-02FC-B78D-F382-6C08A6D4F4DB}.Release|Any CPU.ActiveCfg = Release|Any CPU
		{539FBFB1-02FC-B78D-F382-6C08A6D4F4DB}.Release|Any CPU.Build.0 = Release|Any CPU
	EndGlobalSection
	GlobalSection(SolutionProperties) = preSolution
		HideSolutionNode = FALSE
	EndGlobalSection
EndGlobal
