
Microsoft Visual Studio Solution File, Format Version 11.00
# Visual Studio 2010
Project("{FAE04EC0-301F-11D3-BF4B-00C04F79EFBC}") = "Paraguas", "Assembly-CSharp.csproj", "{BFDA2A9A-128B-4073-8A95-7BB708FC83DA}"
EndProject
Global
	GlobalSection(SolutionConfigurationPlatforms) = preSolution
		Debug|Any CPU = Debug|Any CPU
		Release|Any CPU = Release|Any CPU
	EndGlobalSection
	GlobalSection(ProjectConfigurationPlatforms) = postSolution
		{BFDA2A9A-128B-4073-8A95-7BB708FC83DA}.Debug|Any CPU.ActiveCfg = Debug|Any CPU
		{BFDA2A9A-128B-4073-8A95-7BB708FC83DA}.Debug|Any CPU.Build.0 = Debug|Any CPU
		{BFDA2A9A-128B-4073-8A95-7BB708FC83DA}.Release|Any CPU.ActiveCfg = Release|Any CPU
		{BFDA2A9A-128B-4073-8A95-7BB708FC83DA}.Release|Any CPU.Build.0 = Release|Any CPU
	EndGlobalSection
	GlobalSection(SolutionProperties) = preSolution
		HideSolutionNode = FALSE
	EndGlobalSection
	GlobalSection(MonoDevelopProperties) = preSolution
		StartupItem = Assembly-CSharp.csproj
	EndGlobalSection
EndGlobal
